
Microsoft Visual Studio Solution File, Format Version 12.00
# Visual Studio 15
VisualStudioVersion = 15.0.28010.2046
MinimumVisualStudioVersion = 10.0.40219.1
Project("{FAE04EC0-301F-11D3-BF4B-00C04F79EFBC}") = "StrawPoll", "StrawPoll\StrawPoll.csproj", "{95B93A81-E6B9-4651-A8F5-B8BAAA4CC41C}"
EndProject
Global
	GlobalSection(SolutionConfigurationPlatforms) = preSolution
		Debug|Any CPU = Debug|Any CPU
		Release|Any CPU = Release|Any CPU
	EndGlobalSection
	GlobalSection(ProjectConfigurationPlatforms) = postSolution
		{95B93A81-E6B9-4651-A8F5-B8BAAA4CC41C}.Debug|Any CPU.ActiveCfg = Debug|Any CPU
		{95B93A81-E6B9-4651-A8F5-B8BAAA4CC41C}.Debug|Any CPU.Build.0 = Debug|Any CPU
		{95B93A81-E6B9-4651-A8F5-B8BAAA4CC41C}.Release|Any CPU.ActiveCfg = Release|Any CPU
		{95B93A81-E6B9-4651-A8F5-B8BAAA4CC41C}.Release|Any CPU.Build.0 = Release|Any CPU
	EndGlobalSection
	GlobalSection(SolutionProperties) = preSolution
		HideSolutionNode = FALSE
	EndGlobalSection
	GlobalSection(ExtensibilityGlobals) = postSolution
		SolutionGuid = {A0FA8BBA-93A9-42C2-89DC-39C28FDA38EF}
	EndGlobalSection
EndGlobal
